
Microsoft Visual Studio Solution File, Format Version 12.00
# Visual Studio Version 16
VisualStudioVersion = 16.0.32002.261
MinimumVisualStudioVersion = 10.0.40219.1
Project("{FAE04EC0-301F-11D3-BF4B-00C04F79EFBC}") = "SudokuFix", "SudokuFix.csproj", "{C5F80C91-4EB5-4918-840B-3EBB9426EF30}"
EndProject
Global
	GlobalSection(SolutionConfigurationPlatforms) = preSolution
		Debug|Any CPU = Debug|Any CPU
		Release|Any CPU = Release|Any CPU
	EndGlobalSection
	GlobalSection(ProjectConfigurationPlatforms) = postSolution
		{C5F80C91-4EB5-4918-840B-3EBB9426EF30}.Debug|Any CPU.ActiveCfg = Debug|Any CPU
		{C5F80C91-4EB5-4918-840B-3EBB9426EF30}.Debug|Any CPU.Build.0 = Debug|Any CPU
		{C5F80C91-4EB5-4918-840B-3EBB9426EF30}.Release|Any CPU.ActiveCfg = Release|Any CPU
		{C5F80C91-4EB5-4918-840B-3EBB9426EF30}.Release|Any CPU.Build.0 = Release|Any CPU
	EndGlobalSection
	GlobalSection(SolutionProperties) = preSolution
		HideSolutionNode = FALSE
	EndGlobalSection
	GlobalSection(ExtensibilityGlobals) = postSolution
		SolutionGuid = {B67B1FA0-5D87-43D7-9637-1C10569D1B65}
	EndGlobalSection
EndGlobal
